
Microsoft Visual Studio Solution File, Format Version 12.00
# Visual Studio Version 16
VisualStudioVersion = 16.0.31005.135
MinimumVisualStudioVersion = 10.0.40219.1
Project("{FAE04EC0-301F-11D3-BF4B-00C04F79EFBC}") = "ArrayConsoleApp2", "ArrayConsoleApp2.csproj", "{D9621DC2-44AC-47A5-903E-6677FF77C519}"
EndProject
Global
	GlobalSection(SolutionConfigurationPlatforms) = preSolution
		Debug|Any CPU = Debug|Any CPU
		Release|Any CPU = Release|Any CPU
	EndGlobalSection
	GlobalSection(ProjectConfigurationPlatforms) = postSolution
		{D9621DC2-44AC-47A5-903E-6677FF77C519}.Debug|Any CPU.ActiveCfg = Debug|Any CPU
		{D9621DC2-44AC-47A5-903E-6677FF77C519}.Debug|Any CPU.Build.0 = Debug|Any CPU
		{D9621DC2-44AC-47A5-903E-6677FF77C519}.Release|Any CPU.ActiveCfg = Release|Any CPU
		{D9621DC2-44AC-47A5-903E-6677FF77C519}.Release|Any CPU.Build.0 = Release|Any CPU
	EndGlobalSection
	GlobalSection(SolutionProperties) = preSolution
		HideSolutionNode = FALSE
	EndGlobalSection
	GlobalSection(ExtensibilityGlobals) = postSolution
		SolutionGuid = {B6AD0B47-7CA2-448C-A011-E3AF54FA2EF9}
	EndGlobalSection
EndGlobal
